
Microsoft Visual Studio Solution File, Format Version 12.00
# Visual Studio 15
VisualStudioVersion = 15.0.26228.10
MinimumVisualStudioVersion = 10.0.40219.1
Project("{FAE04EC0-301F-11D3-BF4B-00C04F79EFBC}") = "ProjectEuler.Core", "ProjectEuler.Core\ProjectEuler.Core.csproj", "{7359FCDE-331E-4D08-A453-CEA66ECFAEB3}"
EndProject
Project("{FAE04EC0-301F-11D3-BF4B-00C04F79EFBC}") = "ProjectEuler.Run", "ProjectEuler.Run\ProjectEuler.Run.csproj", "{E0E2E82C-4E65-4102-A589-22342BE6CDCF}"
EndProject
Global
	GlobalSection(SolutionConfigurationPlatforms) = preSolution
		Debug|Any CPU = Debug|Any CPU
		Debug|Mixed Platforms = Debug|Mixed Platforms
		Debug|x86 = Debug|x86
		Release|Any CPU = Release|Any CPU
		Release|Mixed Platforms = Release|Mixed Platforms
		Release|x86 = Release|x86
	EndGlobalSection
	GlobalSection(ProjectConfigurationPlatforms) = postSolution
		{7359FCDE-331E-4D08-A453-CEA66ECFAEB3}.Debug|Any CPU.ActiveCfg = Debug|Any CPU
		{7359FCDE-331E-4D08-A453-CEA66ECFAEB3}.Debug|Any CPU.Build.0 = Debug|Any CPU
		{7359FCDE-331E-4D08-A453-CEA66ECFAEB3}.Debug|Mixed Platforms.ActiveCfg = Debug|Any CPU
		{7359FCDE-331E-4D08-A453-CEA66ECFAEB3}.Debug|Mixed Platforms.Build.0 = Debug|Any CPU
		{7359FCDE-331E-4D08-A453-CEA66ECFAEB3}.Debug|x86.ActiveCfg = Debug|Any CPU
		{7359FCDE-331E-4D08-A453-CEA66ECFAEB3}.Release|Any CPU.ActiveCfg = Release|Any CPU
		{7359FCDE-331E-4D08-A453-CEA66ECFAEB3}.Release|Any CPU.Build.0 = Release|Any CPU
		{7359FCDE-331E-4D08-A453-CEA66ECFAEB3}.Release|Mixed Platforms.ActiveCfg = Release|Any CPU
		{7359FCDE-331E-4D08-A453-CEA66ECFAEB3}.Release|Mixed Platforms.Build.0 = Release|Any CPU
		{7359FCDE-331E-4D08-A453-CEA66ECFAEB3}.Release|x86.ActiveCfg = Release|Any CPU
		{E0E2E82C-4E65-4102-A589-22342BE6CDCF}.Debug|Any CPU.ActiveCfg = Debug|Any CPU
		{E0E2E82C-4E65-4102-A589-22342BE6CDCF}.Debug|Any CPU.Build.0 = Debug|Any CPU
		{E0E2E82C-4E65-4102-A589-22342BE6CDCF}.Debug|Mixed Platforms.ActiveCfg = Debug|Any CPU
		{E0E2E82C-4E65-4102-A589-22342BE6CDCF}.Debug|Mixed Platforms.Build.0 = Debug|Any CPU
		{E0E2E82C-4E65-4102-A589-22342BE6CDCF}.Debug|x86.ActiveCfg = Debug|Any CPU
		{E0E2E82C-4E65-4102-A589-22342BE6CDCF}.Debug|x86.Build.0 = Debug|Any CPU
		{E0E2E82C-4E65-4102-A589-22342BE6CDCF}.Release|Any CPU.ActiveCfg = Release|Any CPU
		{E0E2E82C-4E65-4102-A589-22342BE6CDCF}.Release|Any CPU.Build.0 = Release|Any CPU
		{E0E2E82C-4E65-4102-A589-22342BE6CDCF}.Release|Mixed Platforms.ActiveCfg = Release|Any CPU
		{E0E2E82C-4E65-4102-A589-22342BE6CDCF}.Release|Mixed Platforms.Build.0 = Release|Any CPU
		{E0E2E82C-4E65-4102-A589-22342BE6CDCF}.Release|x86.ActiveCfg = Release|Any CPU
		{E0E2E82C-4E65-4102-A589-22342BE6CDCF}.Release|x86.Build.0 = Release|Any CPU
	EndGlobalSection
	GlobalSection(SolutionProperties) = preSolution
		HideSolutionNode = FALSE
	EndGlobalSection
	GlobalSection(SubversionScc) = preSolution
		Svn-Managed = True
		Manager = AnkhSVN - Subversion Support for Visual Studio
	EndGlobalSection
EndGlobal
